
Microsoft Visual Studio Solution File, Format Version 12.00
# Visual Studio 15
VisualStudioVersion = 15.0.28307.421
MinimumVisualStudioVersion = 10.0.40219.1
Project("{FAE04EC0-301F-11D3-BF4B-00C04F79EFBC}") = "Lesson1", "Lesson1\Lesson1.csproj", "{8EE52759-0F0A-474E-92E6-A5A30DD4EE49}"
EndProject
Project("{FAE04EC0-301F-11D3-BF4B-00C04F79EFBC}") = "Lesson2", "Lession2\Lesson2.csproj", "{8D9648C7-9D85-47BF-8EEE-1A2DDDFFDB83}"
EndProject
Project("{FAE04EC0-301F-11D3-BF4B-00C04F79EFBC}") = "Lesson3", "Lesson3\Lesson3.csproj", "{95646C0D-192C-4D22-BD36-828A1E42ACB0}"
EndProject
Project("{FAE04EC0-301F-11D3-BF4B-00C04F79EFBC}") = "Lesson4", "Lesson4\Lesson4.csproj", "{18C6BD96-CCD6-4759-9AE9-B1A429A10D4A}"
EndProject
Global
	GlobalSection(SolutionConfigurationPlatforms) = preSolution
		Debug|Any CPU = Debug|Any CPU
		Release|Any CPU = Release|Any CPU
	EndGlobalSection
	GlobalSection(ProjectConfigurationPlatforms) = postSolution
		{8EE52759-0F0A-474E-92E6-A5A30DD4EE49}.Debug|Any CPU.ActiveCfg = Debug|Any CPU
		{8EE52759-0F0A-474E-92E6-A5A30DD4EE49}.Debug|Any CPU.Build.0 = Debug|Any CPU
		{8EE52759-0F0A-474E-92E6-A5A30DD4EE49}.Release|Any CPU.ActiveCfg = Release|Any CPU
		{8EE52759-0F0A-474E-92E6-A5A30DD4EE49}.Release|Any CPU.Build.0 = Release|Any CPU
		{8D9648C7-9D85-47BF-8EEE-1A2DDDFFDB83}.Debug|Any CPU.ActiveCfg = Debug|Any CPU
		{8D9648C7-9D85-47BF-8EEE-1A2DDDFFDB83}.Debug|Any CPU.Build.0 = Debug|Any CPU
		{8D9648C7-9D85-47BF-8EEE-1A2DDDFFDB83}.Release|Any CPU.ActiveCfg = Release|Any CPU
		{8D9648C7-9D85-47BF-8EEE-1A2DDDFFDB83}.Release|Any CPU.Build.0 = Release|Any CPU
		{95646C0D-192C-4D22-BD36-828A1E42ACB0}.Debug|Any CPU.ActiveCfg = Debug|Any CPU
		{95646C0D-192C-4D22-BD36-828A1E42ACB0}.Debug|Any CPU.Build.0 = Debug|Any CPU
		{95646C0D-192C-4D22-BD36-828A1E42ACB0}.Release|Any CPU.ActiveCfg = Release|Any CPU
		{95646C0D-192C-4D22-BD36-828A1E42ACB0}.Release|Any CPU.Build.0 = Release|Any CPU
		{18C6BD96-CCD6-4759-9AE9-B1A429A10D4A}.Debug|Any CPU.ActiveCfg = Debug|Any CPU
		{18C6BD96-CCD6-4759-9AE9-B1A429A10D4A}.Debug|Any CPU.Build.0 = Debug|Any CPU
		{18C6BD96-CCD6-4759-9AE9-B1A429A10D4A}.Release|Any CPU.ActiveCfg = Release|Any CPU
		{18C6BD96-CCD6-4759-9AE9-B1A429A10D4A}.Release|Any CPU.Build.0 = Release|Any CPU
	EndGlobalSection
	GlobalSection(SolutionProperties) = preSolution
		HideSolutionNode = FALSE
	EndGlobalSection
	GlobalSection(ExtensibilityGlobals) = postSolution
		SolutionGuid = {270DFCBB-AE59-4CBB-812A-5536142144D1}
	EndGlobalSection
EndGlobal
